<?xml version="1.0" encoding="UTF-8"?>
<Scheme
   LastUpgradeVersion = "0620"
   version = "2.0">
   <BuildAction
      parallelizeBuildables = "YES"
      buildImplicitDependencies = "YES">
      <BuildActionEntries>
         <BuildActionEntry
            buildForTesting = "YES"
            buildForRunning = "YES"
            buildForProfiling = "YES"
            buildForArchiving = "YES"
            buildForAnalyzing = "YES">
            <BuildableReference
               BuildableIdentifier = "primary"
               BlueprintIdentifier = "2D8BC6071AE5C99600E3E8EB"
               BuildableName = "WatchKitNotification WatchKit App.app"
               BlueprintName = "WatchKitNotification WatchKit App"
               ReferencedContainer = "container:WatchKitNotification.xcodeproj">
            </BuildableReference>
         </BuildActionEntry>
         <BuildActionEntry
            buildForTesting = "YES"
            buildForRunning = "YES"
            buildForProfiling = "YES"
            buildForArchiving = "YES"
            buildForAnalyzing = "YES">
            <BuildableReference
               BuildableIdentifier = "primary"
               BlueprintIdentifier = "2D8BC5FA1AE5C99600E3E8EB"
               BuildableName = "WatchKitNotification WatchKit Extension.appex"
               BlueprintName = "WatchKitNotification WatchKit Extension"
               ReferencedContainer = "container:WatchKitNotification.xcodeproj">
            </BuildableReference>
         </BuildActionEntry>
         <BuildActionEntry
            buildForTesting = "YES"
            buildForRunning = "YES"
            buildForProfiling = "YES"
            buildForArchiving = "YES"
            buildForAnalyzing = "YES">
            <BuildableReference
               BuildableIdentifier = "primary"
               BlueprintIdentifier = "2D8BC5D11AE5C57D00E3E8EB"
               BuildableName = "WatchKitNotification.app"
               BlueprintName = "WatchKitNotification"
               ReferencedContainer = "container:WatchKitNotification.xcodeproj">
            </BuildableReference>
         </BuildActionEntry>
      </BuildActionEntries>
   </BuildAction>
   <TestAction
      selectedDebuggerIdentifier = "Xcode.DebuggerFoundation.Debugger.LLDB"
      selectedLauncherIdentifier = "Xcode.DebuggerFoundation.Launcher.LLDB"
      shouldUseLaunchSchemeArgsEnv = "YES"
      buildConfiguration = "Debug">
      <Testables>
      </Testables>
      <MacroExpansion>
         <BuildableReference
            BuildableIdentifier = "primary"
            BlueprintIdentifier = "2D8BC6071AE5C99600E3E8EB"
            BuildableName = "WatchKitNotification WatchKit App.app"
            BlueprintName = "WatchKitNotification WatchKit App"
            ReferencedContainer = "container:WatchKitNotification.xcodeproj">
         </BuildableReference>
      </MacroExpansion>
   </TestAction>
   <LaunchAction
      selectedDebuggerIdentifier = "Xcode.DebuggerFoundation.Debugger.LLDB"
      selectedLauncherIdentifier = "Xcode.DebuggerFoundation.Launcher.LLDB"
      launchStyle = "0"
      useCustomWorkingDirectory = "NO"
      buildConfiguration = "Debug"
      ignoresPersistentStateOnLaunch = "NO"
      debugDocumentVersioning = "YES"
      allowLocationSimulation = "YES"
      launchAutomaticallySubstyle = "8"
      notificationPayloadFile = "WatchKitNotification WatchKit Extension/PushNotificationPayload.apns">
      <RemoteRunnable
         runnableDebuggingMode = "2"
         BundleIdentifier = "com.apple.springboard"
         RemotePath = "/Notification">
         <BuildableReference
            BuildableIdentifier = "primary"
            BlueprintIdentifier = "2D8BC6071AE5C99600E3E8EB"
            BuildableName = "WatchKitNotification WatchKit App.app"
            BlueprintName = "WatchKitNotification WatchKit App"
            ReferencedContainer = "container:WatchKitNotification.xcodeproj">
         </BuildableReference>
      </RemoteRunnable>
      <MacroExpansion>
         <BuildableReference
            BuildableIdentifier = "primary"
            BlueprintIdentifier = "2D8BC6071AE5C99600E3E8EB"
            BuildableName = "WatchKitNotification WatchKit App.app"
            BlueprintName = "WatchKitNotification WatchKit App"
            ReferencedContainer = "container:WatchKitNotification.xcodeproj">
         </BuildableReference>
      </MacroExpansion>
      <AdditionalOptions>
      </AdditionalOptions>
   </LaunchAction>
   <ProfileAction
      shouldUseLaunchSchemeArgsEnv = "YES"
      savedToolIdentifier = ""
      useCustomWorkingDirectory = "NO"
      buildConfiguration = "Release"
      debugDocumentVersioning = "YES">
      <RemoteRunnable
         runnableDebuggingMode = "2"
         BundleIdentifier = "com.apple.springboard"
         RemotePath = "/Notification">
         <BuildableReference
            BuildableIdentifier = "primary"
            BlueprintIdentifier = "2D8BC6071AE5C99600E3E8EB"
            BuildableName = "WatchKitNotification WatchKit App.app"
            BlueprintName = "WatchKitNotification WatchKit App"
            ReferencedContainer = "container:WatchKitNotification.xcodeproj">
         </BuildableReference>
      </RemoteRunnable>
      <MacroExpansion>
         <BuildableReference
            BuildableIdentifier = "primary"
            BlueprintIdentifier = "2D8BC6071AE5C99600E3E8EB"
            BuildableName = "WatchKitNotification WatchKit App.app"
            BlueprintName = "WatchKitNotification WatchKit App"
            ReferencedContainer = "container:WatchKitNotification.xcodeproj">
         </BuildableReference>
      </MacroExpansion>
   </ProfileAction>
   <AnalyzeAction
      buildConfiguration = "Debug">
   </AnalyzeAction>
   <ArchiveAction
      buildConfiguration = "Release"
      revealArchiveInOrganizer = "YES">
   </ArchiveAction>
</Scheme>
